<Solution>
  <Project Path="Thrume.Api\Thrume.Api.csproj" Type="Classic C#" />
  <Project Path="Thrume.Common\Thrume.Common.csproj" Type="Classic C#" />
  <Project Path="Thrume.Configuration\Thrume.Configuration.csproj" Type="Classic C#" />
  <Project Path="Thrume.Database\Thrume.Database.csproj" Type="Classic C#" />
  <Project Path="Thrume.Domain\Thrume.Domain.csproj" Type="Classic C#" />
  <Project Path="Thrume.Infrastructure\Thrume.Infrastructure.csproj" Type="Classic C#" />
  <Project Path="Thrume.Services\Thrume.Services.csproj" Type="Classic C#" />
</Solution>